// !$*UTF8*$!
{
	archiveVersion = 1;
	classes = {
	};
	objectVersion = 46;
	objects = {

/* Begin PBXBuildFile section */
		B09E168C1637B854004B3FC3 /* UIKit.framework in Frameworks */ = {isa = PBXBuildFile; fileRef = B09E168B1637B854004B3FC3 /* UIKit.framework */; };
		B09E168E1637B854004B3FC3 /* Foundation.framework in Frameworks */ = {isa = PBXBuildFile; fileRef = B09E168D1637B854004B3FC3 /* Foundation.framework */; };
		B09E16901637B854004B3FC3 /* CoreGraphics.framework in Frameworks */ = {isa = PBXBuildFile; fileRef = B09E168F1637B854004B3FC3 /* CoreGraphics.framework */; };
		B09E16961637B854004B3FC3 /* InfoPlist.strings in Resources */ = {isa = PBXBuildFile; fileRef = B09E16941637B854004B3FC3 /* InfoPlist.strings */; };
		B09E16981637B855004B3FC3 /* main.m in Sources */ = {isa = PBXBuildFile; fileRef = B09E16971637B855004B3FC3 /* main.m */; };
		B09E169C1637B855004B3FC3 /* RTAppDelegate.m in Sources */ = {isa = PBXBuildFile; fileRef = B09E169B1637B855004B3FC3 /* RTAppDelegate.m */; };
		B09E169F1637B855004B3FC3 /* MainStoryboard.storyboard in Resources */ = {isa = PBXBuildFile; fileRef = B09E169D1637B855004B3FC3 /* MainStoryboard.storyboard */; };
		B09E16B31637BF89004B3FC3 /* HomePageViewController.m in Sources */ = {isa = PBXBuildFile; fileRef = B09E16B21637BF89004B3FC3 /* HomePageViewController.m */; };
		B09E16B91637C26C004B3FC3 /* QuartzCore.framework in Frameworks */ = {isa = PBXBuildFile; fileRef = B09E16B81637C26C004B3FC3 /* QuartzCore.framework */; };
		B09E16BD1637C2E3004B3FC3 /* ExpandingButtonBar.m in Sources */ = {isa = PBXBuildFile; fileRef = B09E16BC1637C2E3004B3FC3 /* ExpandingButtonBar.m */; };
		B09E16CA1637C7EB004B3FC3 /* red_plus_down.png in Resources */ = {isa = PBXBuildFile; fileRef = B09E16C21637C7EB004B3FC3 /* red_plus_down.png */; };
		B09E16CB1637C7EC004B3FC3 /* red_plus_down@2x.png in Resources */ = {isa = PBXBuildFile; fileRef = B09E16C31637C7EB004B3FC3 /* red_plus_down@2x.png */; };
		B09E16CC1637C7EC004B3FC3 /* red_plus_up.png in Resources */ = {isa = PBXBuildFile; fileRef = B09E16C41637C7EB004B3FC3 /* red_plus_up.png */; };
		B09E16CD1637C7EC004B3FC3 /* red_plus_up@2x.png in Resources */ = {isa = PBXBuildFile; fileRef = B09E16C51637C7EB004B3FC3 /* red_plus_up@2x.png */; };
		B09E16CE1637C7EC004B3FC3 /* red_x_down.png in Resources */ = {isa = PBXBuildFile; fileRef = B09E16C61637C7EB004B3FC3 /* red_x_down.png */; };
		B09E16CF1637C7EC004B3FC3 /* red_x_down@2x.png in Resources */ = {isa = PBXBuildFile; fileRef = B09E16C71637C7EB004B3FC3 /* red_x_down@2x.png */; };
		B09E16D01637C7EC004B3FC3 /* red_x_up.png in Resources */ = {isa = PBXBuildFile; fileRef = B09E16C81637C7EB004B3FC3 /* red_x_up.png */; };
		B09E16D11637C7EC004B3FC3 /* red_x_up@2x.png in Resources */ = {isa = PBXBuildFile; fileRef = B09E16C91637C7EB004B3FC3 /* red_x_up@2x.png */; };
		B09E16D91637C824004B3FC3 /* check.png in Resources */ = {isa = PBXBuildFile; fileRef = B09E16D31637C824004B3FC3 /* check.png */; };
		B09E16DA1637C824004B3FC3 /* check@2x.png in Resources */ = {isa = PBXBuildFile; fileRef = B09E16D41637C824004B3FC3 /* check@2x.png */; };
		B09E16DB1637C824004B3FC3 /* lightbulb.png in Resources */ = {isa = PBXBuildFile; fileRef = B09E16D51637C824004B3FC3 /* lightbulb.png */; };
		B09E16DC1637C824004B3FC3 /* lightbulb@2x.png in Resources */ = {isa = PBXBuildFile; fileRef = B09E16D61637C824004B3FC3 /* lightbulb@2x.png */; };
		B09E16DD1637C824004B3FC3 /* next.png in Resources */ = {isa = PBXBuildFile; fileRef = B09E16D71637C824004B3FC3 /* next.png */; };
		B09E16DE1637C824004B3FC3 /* next@2x.png in Resources */ = {isa = PBXBuildFile; fileRef = B09E16D81637C824004B3FC3 /* next@2x.png */; };
		B09E16E11637D024004B3FC3 /* OurTimelineViewController.m in Sources */ = {isa = PBXBuildFile; fileRef = B09E16E01637D024004B3FC3 /* OurTimelineViewController.m */; };
		B09E16E71637D2E4004B3FC3 /* WhereToAddFriendViewController.m in Sources */ = {isa = PBXBuildFile; fileRef = B09E16E61637D2E4004B3FC3 /* WhereToAddFriendViewController.m */; };
		B09E16EA1637D318004B3FC3 /* FriendsListViewController.m in Sources */ = {isa = PBXBuildFile; fileRef = B09E16E91637D318004B3FC3 /* FriendsListViewController.m */; };
		B09E16ED1637D9BD004B3FC3 /* LongWeiboViewController.m in Sources */ = {isa = PBXBuildFile; fileRef = B09E16EC1637D9BD004B3FC3 /* LongWeiboViewController.m */; };
		B09E16F01637DA0E004B3FC3 /* CreateDiaryViewController.m in Sources */ = {isa = PBXBuildFile; fileRef = B09E16EF1637DA0E004B3FC3 /* CreateDiaryViewController.m */; };
		CF8FC794163FB74100674AFC /* DataClient.m in Sources */ = {isa = PBXBuildFile; fileRef = CF8FC793163FB74100674AFC /* DataClient.m */; };
		CF8FC79B163FB77F00674AFC /* CoreData.framework in Frameworks */ = {isa = PBXBuildFile; fileRef = CF8FC79A163FB77F00674AFC /* CoreData.framework */; };
		CF8FC7A3163FB9CA00674AFC /* WeiboModel.xcdatamodeld in Sources */ = {isa = PBXBuildFile; fileRef = CF8FC7A0163FB9CA00674AFC /* WeiboModel.xcdatamodeld */; };
/* End PBXBuildFile section */

/* Begin PBXFileReference section */
		B09E16871637B854004B3FC3 /* Timeline.app */ = {isa = PBXFileReference; explicitFileType = wrapper.application; includeInIndex = 0; path = Timeline.app; sourceTree = BUILT_PRODUCTS_DIR; };
		B09E168B1637B854004B3FC3 /* UIKit.framework */ = {isa = PBXFileReference; lastKnownFileType = wrapper.framework; name = UIKit.framework; path = System/Library/Frameworks/UIKit.framework; sourceTree = SDKROOT; };
		B09E168D1637B854004B3FC3 /* Foundation.framework */ = {isa = PBXFileReference; lastKnownFileType = wrapper.framework; name = Foundation.framework; path = System/Library/Frameworks/Foundation.framework; sourceTree = SDKROOT; };
		B09E168F1637B854004B3FC3 /* CoreGraphics.framework */ = {isa = PBXFileReference; lastKnownFileType = wrapper.framework; name = CoreGraphics.framework; path = System/Library/Frameworks/CoreGraphics.framework; sourceTree = SDKROOT; };
		B09E16931637B854004B3FC3 /* Timeline-Info.plist */ = {isa = PBXFileReference; lastKnownFileType = text.plist.xml; path = "Timeline-Info.plist"; sourceTree = "<group>"; };
		B09E16951637B854004B3FC3 /* en */ = {isa = PBXFileReference; lastKnownFileType = text.plist.strings; name = en; path = en.lproj/InfoPlist.strings; sourceTree = "<group>"; };
		B09E16971637B855004B3FC3 /* main.m */ = {isa = PBXFileReference; lastKnownFileType = sourcecode.c.objc; path = main.m; sourceTree = "<group>"; };
		B09E16991637B855004B3FC3 /* Timeline-Prefix.pch */ = {isa = PBXFileReference; lastKnownFileType = sourcecode.c.h; path = "Timeline-Prefix.pch"; sourceTree = "<group>"; };
		B09E169A1637B855004B3FC3 /* RTAppDelegate.h */ = {isa = PBXFileReference; lastKnownFileType = sourcecode.c.h; path = RTAppDelegate.h; sourceTree = "<group>"; };
		B09E169B1637B855004B3FC3 /* RTAppDelegate.m */ = {isa = PBXFileReference; lastKnownFileType = sourcecode.c.objc; path = RTAppDelegate.m; sourceTree = "<group>"; };
		B09E169E1637B855004B3FC3 /* en */ = {isa = PBXFileReference; lastKnownFileType = file.storyboard; name = en; path = en.lproj/MainStoryboard.storyboard; sourceTree = "<group>"; };
		B09E16B11637BF89004B3FC3 /* HomePageViewController.h */ = {isa = PBXFileReference; fileEncoding = 4; lastKnownFileType = sourcecode.c.h; path = HomePageViewController.h; sourceTree = "<group>"; };
		B09E16B21637BF89004B3FC3 /* HomePageViewController.m */ = {isa = PBXFileReference; fileEncoding = 4; lastKnownFileType = sourcecode.c.objc; path = HomePageViewController.m; sourceTree = "<group>"; };
		B09E16B81637C26C004B3FC3 /* QuartzCore.framework */ = {isa = PBXFileReference; lastKnownFileType = wrapper.framework; name = QuartzCore.framework; path = System/Library/Frameworks/QuartzCore.framework; sourceTree = SDKROOT; };
		B09E16BB1637C2E3004B3FC3 /* ExpandingButtonBar.h */ = {isa = PBXFileReference; fileEncoding = 4; lastKnownFileType = sourcecode.c.h; path = ExpandingButtonBar.h; sourceTree = "<group>"; };
		B09E16BC1637C2E3004B3FC3 /* ExpandingButtonBar.m */ = {isa = PBXFileReference; fileEncoding = 4; lastKnownFileType = sourcecode.c.objc; path = ExpandingButtonBar.m; sourceTree = "<group>"; };
		B09E16C21637C7EB004B3FC3 /* red_plus_down.png */ = {isa = PBXFileReference; lastKnownFileType = image.png; path = red_plus_down.png; sourceTree = "<group>"; };
		B09E16C31637C7EB004B3FC3 /* red_plus_down@2x.png */ = {isa = PBXFileReference; lastKnownFileType = image.png; path = "red_plus_down@2x.png"; sourceTree = "<group>"; };
		B09E16C41637C7EB004B3FC3 /* red_plus_up.png */ = {isa = PBXFileReference; lastKnownFileType = image.png; path = red_plus_up.png; sourceTree = "<group>"; };
		B09E16C51637C7EB004B3FC3 /* red_plus_up@2x.png */ = {isa = PBXFileReference; lastKnownFileType = image.png; path = "red_plus_up@2x.png"; sourceTree = "<group>"; };
		B09E16C61637C7EB004B3FC3 /* red_x_down.png */ = {isa = PBXFileReference; lastKnownFileType = image.png; path = red_x_down.png; sourceTree = "<group>"; };
		B09E16C71637C7EB004B3FC3 /* red_x_down@2x.png */ = {isa = PBXFileReference; lastKnownFileType = image.png; path = "red_x_down@2x.png"; sourceTree = "<group>"; };
		B09E16C81637C7EB004B3FC3 /* red_x_up.png */ = {isa = PBXFileReference; lastKnownFileType = image.png; path = red_x_up.png; sourceTree = "<group>"; };
		B09E16C91637C7EB004B3FC3 /* red_x_up@2x.png */ = {isa = PBXFileReference; lastKnownFileType = image.png; path = "red_x_up@2x.png"; sourceTree = "<group>"; };
		B09E16D31637C824004B3FC3 /* check.png */ = {isa = PBXFileReference; lastKnownFileType = image.png; path = check.png; sourceTree = "<group>"; };
		B09E16D41637C824004B3FC3 /* check@2x.png */ = {isa = PBXFileReference; lastKnownFileType = image.png; path = "check@2x.png"; sourceTree = "<group>"; };
		B09E16D51637C824004B3FC3 /* lightbulb.png */ = {isa = PBXFileReference; lastKnownFileType = image.png; path = lightbulb.png; sourceTree = "<group>"; };
		B09E16D61637C824004B3FC3 /* lightbulb@2x.png */ = {isa = PBXFileReference; lastKnownFileType = image.png; path = "lightbulb@2x.png"; sourceTree = "<group>"; };
		B09E16D71637C824004B3FC3 /* next.png */ = {isa = PBXFileReference; lastKnownFileType = image.png; path = next.png; sourceTree = "<group>"; };
		B09E16D81637C824004B3FC3 /* next@2x.png */ = {isa = PBXFileReference; lastKnownFileType = image.png; path = "next@2x.png"; sourceTree = "<group>"; };
		B09E16DF1637D024004B3FC3 /* OurTimelineViewController.h */ = {isa = PBXFileReference; fileEncoding = 4; lastKnownFileType = sourcecode.c.h; path = OurTimelineViewController.h; sourceTree = "<group>"; };
		B09E16E01637D024004B3FC3 /* OurTimelineViewController.m */ = {isa = PBXFileReference; fileEncoding = 4; lastKnownFileType = sourcecode.c.objc; path = OurTimelineViewController.m; sourceTree = "<group>"; };
		B09E16E51637D2E4004B3FC3 /* WhereToAddFriendViewController.h */ = {isa = PBXFileReference; fileEncoding = 4; lastKnownFileType = sourcecode.c.h; path = WhereToAddFriendViewController.h; sourceTree = "<group>"; };
		B09E16E61637D2E4004B3FC3 /* WhereToAddFriendViewController.m */ = {isa = PBXFileReference; fileEncoding = 4; lastKnownFileType = sourcecode.c.objc; path = WhereToAddFriendViewController.m; sourceTree = "<group>"; };
		B09E16E81637D318004B3FC3 /* FriendsListViewController.h */ = {isa = PBXFileReference; fileEncoding = 4; lastKnownFileType = sourcecode.c.h; path = FriendsListViewController.h; sourceTree = "<group>"; };
		B09E16E91637D318004B3FC3 /* FriendsListViewController.m */ = {isa = PBXFileReference; fileEncoding = 4; lastKnownFileType = sourcecode.c.objc; path = FriendsListViewController.m; sourceTree = "<group>"; };
		B09E16EB1637D9BD004B3FC3 /* LongWeiboViewController.h */ = {isa = PBXFileReference; fileEncoding = 4; lastKnownFileType = sourcecode.c.h; path = LongWeiboViewController.h; sourceTree = "<group>"; };
		B09E16EC1637D9BD004B3FC3 /* LongWeiboViewController.m */ = {isa = PBXFileReference; fileEncoding = 4; lastKnownFileType = sourcecode.c.objc; path = LongWeiboViewController.m; sourceTree = "<group>"; };
		B09E16EE1637DA0E004B3FC3 /* CreateDiaryViewController.h */ = {isa = PBXFileReference; fileEncoding = 4; lastKnownFileType = sourcecode.c.h; path = CreateDiaryViewController.h; sourceTree = "<group>"; };
		B09E16EF1637DA0E004B3FC3 /* CreateDiaryViewController.m */ = {isa = PBXFileReference; fileEncoding = 4; lastKnownFileType = sourcecode.c.objc; path = CreateDiaryViewController.m; sourceTree = "<group>"; };
		CF8FC792163FB74100674AFC /* DataClient.h */ = {isa = PBXFileReference; fileEncoding = 4; lastKnownFileType = sourcecode.c.h; path = DataClient.h; sourceTree = "<group>"; };
		CF8FC793163FB74100674AFC /* DataClient.m */ = {isa = PBXFileReference; fileEncoding = 4; lastKnownFileType = sourcecode.c.objc; path = DataClient.m; sourceTree = "<group>"; };
		CF8FC79A163FB77F00674AFC /* CoreData.framework */ = {isa = PBXFileReference; lastKnownFileType = wrapper.framework; name = CoreData.framework; path = System/Library/Frameworks/CoreData.framework; sourceTree = SDKROOT; };
		CF8FC7A1163FB9CA00674AFC /* WeiboModel 2.xcdatamodel */ = {isa = PBXFileReference; lastKnownFileType = wrapper.xcdatamodel; path = "WeiboModel 2.xcdatamodel"; sourceTree = "<group>"; };
		CF8FC7A2163FB9CA00674AFC /* WeiboModel.xcdatamodel */ = {isa = PBXFileReference; lastKnownFileType = wrapper.xcdatamodel; path = WeiboModel.xcdatamodel; sourceTree = "<group>"; };
/* End PBXFileReference section */

/* Begin PBXFrameworksBuildPhase section */
		B09E16841637B854004B3FC3 /* Frameworks */ = {
			isa = PBXFrameworksBuildPhase;
			buildActionMask = 2147483647;
			files = (
				CF8FC79B163FB77F00674AFC /* CoreData.framework in Frameworks */,
				B09E16B91637C26C004B3FC3 /* QuartzCore.framework in Frameworks */,
				B09E168C1637B854004B3FC3 /* UIKit.framework in Frameworks */,
				B09E168E1637B854004B3FC3 /* Foundation.framework in Frameworks */,
				B09E16901637B854004B3FC3 /* CoreGraphics.framework in Frameworks */,
			);
			runOnlyForDeploymentPostprocessing = 0;
		};
/* End PBXFrameworksBuildPhase section */

/* Begin PBXGroup section */
		B09E167C1637B854004B3FC3 = {
			isa = PBXGroup;
			children = (
				CF8675A4163FA000003F09BC /* CoreData */,
				B09E16D21637C7F1004B3FC3 /* Images */,
				B09E16BA1637C283004B3FC3 /* RFbutton */,
				B09E16911637B854004B3FC3 /* Timeline */,
				B09E168A1637B854004B3FC3 /* Frameworks */,
				B09E16881637B854004B3FC3 /* Products */,
			);
			sourceTree = "<group>";
		};
		B09E16881637B854004B3FC3 /* Products */ = {
			isa = PBXGroup;
			children = (
				B09E16871637B854004B3FC3 /* Timeline.app */,
			);
			name = Products;
			sourceTree = "<group>";
		};
		B09E168A1637B854004B3FC3 /* Frameworks */ = {
			isa = PBXGroup;
			children = (
				CF8FC79A163FB77F00674AFC /* CoreData.framework */,
				B09E16B81637C26C004B3FC3 /* QuartzCore.framework */,
				B09E168B1637B854004B3FC3 /* UIKit.framework */,
				B09E168D1637B854004B3FC3 /* Foundation.framework */,
				B09E168F1637B854004B3FC3 /* CoreGraphics.framework */,
			);
			name = Frameworks;
			sourceTree = "<group>";
		};
		B09E16911637B854004B3FC3 /* Timeline */ = {
			isa = PBXGroup;
			children = (
				B09E169A1637B855004B3FC3 /* RTAppDelegate.h */,
				B09E169B1637B855004B3FC3 /* RTAppDelegate.m */,
				B09E16B11637BF89004B3FC3 /* HomePageViewController.h */,
				B09E16B21637BF89004B3FC3 /* HomePageViewController.m */,
				B09E16EE1637DA0E004B3FC3 /* CreateDiaryViewController.h */,
				B09E16EF1637DA0E004B3FC3 /* CreateDiaryViewController.m */,
				B09E16EB1637D9BD004B3FC3 /* LongWeiboViewController.h */,
				B09E16EC1637D9BD004B3FC3 /* LongWeiboViewController.m */,
				B09E16DF1637D024004B3FC3 /* OurTimelineViewController.h */,
				B09E16E01637D024004B3FC3 /* OurTimelineViewController.m */,
				B09E16E51637D2E4004B3FC3 /* WhereToAddFriendViewController.h */,
				B09E16E61637D2E4004B3FC3 /* WhereToAddFriendViewController.m */,
				B09E16E81637D318004B3FC3 /* FriendsListViewController.h */,
				B09E16E91637D318004B3FC3 /* FriendsListViewController.m */,
				B09E169D1637B855004B3FC3 /* MainStoryboard.storyboard */,
				B09E16921637B854004B3FC3 /* Supporting Files */,
			);
			path = Timeline;
			sourceTree = "<group>";
		};
		B09E16921637B854004B3FC3 /* Supporting Files */ = {
			isa = PBXGroup;
			children = (
				CF8FC7A0163FB9CA00674AFC /* WeiboModel.xcdatamodeld */,
				B09E16931637B854004B3FC3 /* Timeline-Info.plist */,
				B09E16941637B854004B3FC3 /* InfoPlist.strings */,
				B09E16971637B855004B3FC3 /* main.m */,
				B09E16991637B855004B3FC3 /* Timeline-Prefix.pch */,
			);
			name = "Supporting Files";
			sourceTree = "<group>";
		};
		B09E16BA1637C283004B3FC3 /* RFbutton */ = {
			isa = PBXGroup;
			children = (
				B09E16BB1637C2E3004B3FC3 /* ExpandingButtonBar.h */,
				B09E16BC1637C2E3004B3FC3 /* ExpandingButtonBar.m */,
			);
			name = RFbutton;
			sourceTree = "<group>";
		};
		B09E16D21637C7F1004B3FC3 /* Images */ = {
			isa = PBXGroup;
			children = (
				B09E16D31637C824004B3FC3 /* check.png */,
				B09E16D41637C824004B3FC3 /* check@2x.png */,
				B09E16D61637C824004B3FC3 /* lightbulb@2x.png */,
				B09E16D71637C824004B3FC3 /* next.png */,
				B09E16D81637C824004B3FC3 /* next@2x.png */,
				B09E16D51637C824004B3FC3 /* lightbulb.png */,
				B09E16C21637C7EB004B3FC3 /* red_plus_down.png */,
				B09E16C31637C7EB004B3FC3 /* red_plus_down@2x.png */,
				B09E16C41637C7EB004B3FC3 /* red_plus_up.png */,
				B09E16C51637C7EB004B3FC3 /* red_plus_up@2x.png */,
				B09E16C61637C7EB004B3FC3 /* red_x_down.png */,
				B09E16C71637C7EB004B3FC3 /* red_x_down@2x.png */,
				B09E16C81637C7EB004B3FC3 /* red_x_up.png */,
				B09E16C91637C7EB004B3FC3 /* red_x_up@2x.png */,
			);
			name = Images;
			sourceTree = "<group>";
		};
		CF8675A4163FA000003F09BC /* CoreData */ = {
			isa = PBXGroup;
			children = (
				CF8FC792163FB74100674AFC /* DataClient.h */,
				CF8FC793163FB74100674AFC /* DataClient.m */,
			);
			name = CoreData;
			sourceTree = "<group>";
		};
/* End PBXGroup section */

/* Begin PBXNativeTarget section */
		B09E16861637B854004B3FC3 /* Timeline */ = {
			isa = PBXNativeTarget;
			buildConfigurationList = B09E16A51637B855004B3FC3 /* Build configuration list for PBXNativeTarget "Timeline" */;
			buildPhases = (
				B09E16831637B854004B3FC3 /* Sources */,
				B09E16841637B854004B3FC3 /* Frameworks */,
				B09E16851637B854004B3FC3 /* Resources */,
			);
			buildRules = (
			);
			dependencies = (
			);
			name = Timeline;
			productName = Timeline;
			productReference = B09E16871637B854004B3FC3 /* Timeline.app */;
			productType = "com.apple.product-type.application";
		};
/* End PBXNativeTarget section */

/* Begin PBXProject section */
		B09E167E1637B854004B3FC3 /* Project object */ = {
			isa = PBXProject;
			attributes = {
				LastUpgradeCheck = 0420;
				ORGANIZATIONNAME = "Sun Yat-sen University";
			};
			buildConfigurationList = B09E16811637B854004B3FC3 /* Build configuration list for PBXProject "Timeline" */;
			compatibilityVersion = "Xcode 3.2";
			developmentRegion = English;
			hasScannedForEncodings = 0;
			knownRegions = (
				en,
			);
			mainGroup = B09E167C1637B854004B3FC3;
			productRefGroup = B09E16881637B854004B3FC3 /* Products */;
			projectDirPath = "";
			projectRoot = "";
			targets = (
				B09E16861637B854004B3FC3 /* Timeline */,
			);
		};
/* End PBXProject section */

/* Begin PBXResourcesBuildPhase section */
		B09E16851637B854004B3FC3 /* Resources */ = {
			isa = PBXResourcesBuildPhase;
			buildActionMask = 2147483647;
			files = (
				B09E16961637B854004B3FC3 /* InfoPlist.strings in Resources */,
				B09E169F1637B855004B3FC3 /* MainStoryboard.storyboard in Resources */,
				B09E16CA1637C7EB004B3FC3 /* red_plus_down.png in Resources */,
				B09E16CB1637C7EC004B3FC3 /* red_plus_down@2x.png in Resources */,
				B09E16CC1637C7EC004B3FC3 /* red_plus_up.png in Resources */,
				B09E16CD1637C7EC004B3FC3 /* red_plus_up@2x.png in Resources */,
				B09E16CE1637C7EC004B3FC3 /* red_x_down.png in Resources */,
				B09E16CF1637C7EC004B3FC3 /* red_x_down@2x.png in Resources */,
				B09E16D01637C7EC004B3FC3 /* red_x_up.png in Resources */,
				B09E16D11637C7EC004B3FC3 /* red_x_up@2x.png in Resources */,
				B09E16D91637C824004B3FC3 /* check.png in Resources */,
				B09E16DA1637C824004B3FC3 /* check@2x.png in Resources */,
				B09E16DB1637C824004B3FC3 /* lightbulb.png in Resources */,
				B09E16DC1637C824004B3FC3 /* lightbulb@2x.png in Resources */,
				B09E16DD1637C824004B3FC3 /* next.png in Resources */,
				B09E16DE1637C824004B3FC3 /* next@2x.png in Resources */,
			);
			runOnlyForDeploymentPostprocessing = 0;
		};
/* End PBXResourcesBuildPhase section */

/* Begin PBXSourcesBuildPhase section */
		B09E16831637B854004B3FC3 /* Sources */ = {
			isa = PBXSourcesBuildPhase;
			buildActionMask = 2147483647;
			files = (
				B09E16981637B855004B3FC3 /* main.m in Sources */,
				B09E169C1637B855004B3FC3 /* RTAppDelegate.m in Sources */,
				B09E16B31637BF89004B3FC3 /* HomePageViewController.m in Sources */,
				B09E16BD1637C2E3004B3FC3 /* ExpandingButtonBar.m in Sources */,
				B09E16E11637D024004B3FC3 /* OurTimelineViewController.m in Sources */,
				B09E16E71637D2E4004B3FC3 /* WhereToAddFriendViewController.m in Sources */,
				B09E16EA1637D318004B3FC3 /* FriendsListViewController.m in Sources */,
				B09E16ED1637D9BD004B3FC3 /* LongWeiboViewController.m in Sources */,
				B09E16F01637DA0E004B3FC3 /* CreateDiaryViewController.m in Sources */,
				CF8FC794163FB74100674AFC /* DataClient.m in Sources */,
				CF8FC7A3163FB9CA00674AFC /* WeiboModel.xcdatamodeld in Sources */,
			);
			runOnlyForDeploymentPostprocessing = 0;
		};
/* End PBXSourcesBuildPhase section */

/* Begin PBXVariantGroup section */
		B09E16941637B854004B3FC3 /* InfoPlist.strings */ = {
			isa = PBXVariantGroup;
			children = (
				B09E16951637B854004B3FC3 /* en */,
			);
			name = InfoPlist.strings;
			sourceTree = "<group>";
		};
		B09E169D1637B855004B3FC3 /* MainStoryboard.storyboard */ = {
			isa = PBXVariantGroup;
			children = (
				B09E169E1637B855004B3FC3 /* en */,
			);
			name = MainStoryboard.storyboard;
			sourceTree = "<group>";
		};
/* End PBXVariantGroup section */

/* Begin XCBuildConfiguration section */
		B09E16A31637B855004B3FC3 /* Debug */ = {
			isa = XCBuildConfiguration;
			buildSettings = {
				ALWAYS_SEARCH_USER_PATHS = NO;
				ARCHS = "$(ARCHS_STANDARD_32_BIT)";
				CLANG_ENABLE_OBJC_ARC = YES;
				"CODE_SIGN_IDENTITY[sdk=iphoneos*]" = "iPhone Developer";
				COPY_PHASE_STRIP = NO;
				GCC_C_LANGUAGE_STANDARD = gnu99;
				GCC_DYNAMIC_NO_PIC = NO;
				GCC_OPTIMIZATION_LEVEL = 0;
				GCC_PREPROCESSOR_DEFINITIONS = (
					"DEBUG=1",
					"$(inherited)",
				);
				GCC_SYMBOLS_PRIVATE_EXTERN = NO;
				GCC_VERSION = com.apple.compilers.llvm.clang.1_0;
				GCC_WARN_ABOUT_MISSING_PROTOTYPES = YES;
				GCC_WARN_ABOUT_RETURN_TYPE = YES;
				GCC_WARN_UNUSED_VARIABLE = YES;
				IPHONEOS_DEPLOYMENT_TARGET = 5.0;
				SDKROOT = iphoneos;
			};
			name = Debug;
		};
		B09E16A41637B855004B3FC3 /* Release */ = {
			isa = XCBuildConfiguration;
			buildSettings = {
				ALWAYS_SEARCH_USER_PATHS = NO;
				ARCHS = "$(ARCHS_STANDARD_32_BIT)";
				CLANG_ENABLE_OBJC_ARC = YES;
				"CODE_SIGN_IDENTITY[sdk=iphoneos*]" = "iPhone Developer";
				COPY_PHASE_STRIP = YES;
				GCC_C_LANGUAGE_STANDARD = gnu99;
				GCC_VERSION = com.apple.compilers.llvm.clang.1_0;
				GCC_WARN_ABOUT_MISSING_PROTOTYPES = YES;
				GCC_WARN_ABOUT_RETURN_TYPE = YES;
				GCC_WARN_UNUSED_VARIABLE = YES;
				IPHONEOS_DEPLOYMENT_TARGET = 5.0;
				OTHER_CFLAGS = "-DNS_BLOCK_ASSERTIONS=1";
				SDKROOT = iphoneos;
				VALIDATE_PRODUCT = YES;
			};
			name = Release;
		};
		B09E16A61637B855004B3FC3 /* Debug */ = {
			isa = XCBuildConfiguration;
			buildSettings = {
				GCC_PRECOMPILE_PREFIX_HEADER = YES;
				GCC_PREFIX_HEADER = "Timeline/Timeline-Prefix.pch";
				INFOPLIST_FILE = "Timeline/Timeline-Info.plist";
				PRODUCT_NAME = "$(TARGET_NAME)";
				WRAPPER_EXTENSION = app;
			};
			name = Debug;
		};
		B09E16A71637B855004B3FC3 /* Release */ = {
			isa = XCBuildConfiguration;
			buildSettings = {
				GCC_PRECOMPILE_PREFIX_HEADER = YES;
				GCC_PREFIX_HEADER = "Timeline/Timeline-Prefix.pch";
				INFOPLIST_FILE = "Timeline/Timeline-Info.plist";
				PRODUCT_NAME = "$(TARGET_NAME)";
				WRAPPER_EXTENSION = app;
			};
			name = Release;
		};
/* End XCBuildConfiguration section */

/* Begin XCConfigurationList section */
		B09E16811637B854004B3FC3 /* Build configuration list for PBXProject "Timeline" */ = {
			isa = XCConfigurationList;
			buildConfigurations = (
				B09E16A31637B855004B3FC3 /* Debug */,
				B09E16A41637B855004B3FC3 /* Release */,
			);
			defaultConfigurationIsVisible = 0;
			defaultConfigurationName = Release;
		};
		B09E16A51637B855004B3FC3 /* Build configuration list for PBXNativeTarget "Timeline" */ = {
			isa = XCConfigurationList;
			buildConfigurations = (
				B09E16A61637B855004B3FC3 /* Debug */,
				B09E16A71637B855004B3FC3 /* Release */,
			);
			defaultConfigurationIsVisible = 0;
			defaultConfigurationName = Release;
		};
/* End XCConfigurationList section */

/* Begin XCVersionGroup section */
		CF8FC7A0163FB9CA00674AFC /* WeiboModel.xcdatamodeld */ = {
			isa = XCVersionGroup;
			children = (
				CF8FC7A1163FB9CA00674AFC /* WeiboModel 2.xcdatamodel */,
				CF8FC7A2163FB9CA00674AFC /* WeiboModel.xcdatamodel */,
			);
			currentVersion = CF8FC7A2163FB9CA00674AFC /* WeiboModel.xcdatamodel */;
			name = WeiboModel.xcdatamodeld;
			path = "../../../timeline总/新浪微博2/demo/WeiboModel.xcdatamodeld";
			sourceTree = "<group>";
			versionGroupType = wrapper.xcdatamodel;
		};
/* End XCVersionGroup section */
	};
	rootObject = B09E167E1637B854004B3FC3 /* Project object */;
}
